PackratFormat: 1.4
PackratVersion: 0.4.4
RVersion: 3.2.0
Repos: CRAN=http://cran.rstudio.com,
    BioCsoft=http://bioconductor.org/packages/3.2/bioc,
    BioCann=http://bioconductor.org/packages/3.2/data/annotation,
    BioCexp=http://bioconductor.org/packages/3.2/data/experiment,
    BioCextra=http://bioconductor.org/packages/3.2/extra

Package: packrat
Source: CRAN
Version: 0.4.4
Hash: aed7d17407538df551a57caf6289c8bf
